<Solution>
  <Folder Name="/Task0/">
    <Project Path="Tyuiu.YushkovAI.Sprint0.Task0.V0/Tyuiu.YushkovAI.Sprint0.Task0.V0.csproj" />
  </Folder>
  <Folder Name="/Task1/">
    <Project Path="Tyuiu.YushkovAI.Sprint0.Task1.V0/Tyuiu.YushkovAI.Sprint0.Task1.V0.csproj" Id="33d497cb-34e3-4057-8cbc-cd6a7f96f5de" />
  </Folder>
  <Folder Name="/Task2/">
    <Project Path="Tyuiu.YshkovAI.Sprint0.Task2.V0.Lib/Tyuiu.YshkovAI.Sprint0.Task2.V0.Lib.csproj" Id="ad7fdb82-e19d-4ed1-9d0f-e37989b8bc1a" />
    <Project Path="Tyuiu.YshkovAI.Sprint0.Task2.V0.Test/Tyuiu.YshkovAI.Sprint0.Task2.V0.Test.csproj" Id="d5274458-1aa4-4c93-9f38-3622f16748f9" />
    <Project Path="Tyuiu.YshkovAI.Sprint0.Task2.V0/Tyuiu.YshkovAI.Sprint0.Task2.V0.csproj" Id="12785a84-19e8-4c7d-b198-3d93dd9b3a6e" />
  </Folder>
  <Folder Name="/Task3/">
    <Project Path="Tyuiu.YshkovAI.Sprint0.Task3.V0.Lib/Tyuiu.YshkovAI.Sprint0.Task3.V0.Lib.csproj" Id="b91e430a-0018-4c6e-995e-88521ef3fc71" />
    <Project Path="Tyuiu.YshkovAI.Sprint0.Task3.V0.Test/Tyuiu.YshkovAI.Sprint0.Task3.V0.Test.csproj" Id="bf0d58e9-336a-4e91-80d2-c744f8ab6c61" />
    <Project Path="Tyuiu.YshkovAI.Sprint0.Task3.V0/Tyuiu.YshkovAI.Sprint0.Task3.V0.csproj" Id="f1fca291-f73c-4524-b46a-252bcb95da28" />
  </Folder>
</Solution>
